
Microsoft Visual Studio Solution File, Format Version 12.00
# Visual Studio Version 17
VisualStudioVersion = 17.7.34031.279
MinimumVisualStudioVersion = 10.0.40219.1
Project("{FAE04EC0-301F-11D3-BF4B-00C04F79EFBC}") = "TopInterview150", "TopInterview150\TopInterview150.csproj", "{5D1B39AF-A973-45BC-90A4-55D352020769}"
EndProject
Project("{FAE04EC0-301F-11D3-BF4B-00C04F79EFBC}") = "TopInterview150Tests", "TopInterview150Tests\TopInterview150Tests.csproj", "{CF284B53-C2A8-43F3-8577-67C7588C98E0}"
EndProject
Global
	GlobalSection(SolutionConfigurationPlatforms) = preSolution
		Debug|Any CPU = Debug|Any CPU
		Release|Any CPU = Release|Any CPU
	EndGlobalSection
	GlobalSection(ProjectConfigurationPlatforms) = postSolution
		{5D1B39AF-A973-45BC-90A4-55D352020769}.Debug|Any CPU.ActiveCfg = Debug|Any CPU
		{5D1B39AF-A973-45BC-90A4-55D352020769}.Debug|Any CPU.Build.0 = Debug|Any CPU
		{5D1B39AF-A973-45BC-90A4-55D352020769}.Release|Any CPU.ActiveCfg = Release|Any CPU
		{5D1B39AF-A973-45BC-90A4-55D352020769}.Release|Any CPU.Build.0 = Release|Any CPU
		{CF284B53-C2A8-43F3-8577-67C7588C98E0}.Debug|Any CPU.ActiveCfg = Debug|Any CPU
		{CF284B53-C2A8-43F3-8577-67C7588C98E0}.Debug|Any CPU.Build.0 = Debug|Any CPU
		{CF284B53-C2A8-43F3-8577-67C7588C98E0}.Release|Any CPU.ActiveCfg = Release|Any CPU
		{CF284B53-C2A8-43F3-8577-67C7588C98E0}.Release|Any CPU.Build.0 = Release|Any CPU
	EndGlobalSection
	GlobalSection(SolutionProperties) = preSolution
		HideSolutionNode = FALSE
	EndGlobalSection
	GlobalSection(ExtensibilityGlobals) = postSolution
		SolutionGuid = {CCEB9766-4D9B-4FE8-9DA3-07F72AE837D4}
	EndGlobalSection
EndGlobal
